
Microsoft Visual Studio Solution File, Format Version 12.00
# Visual Studio 15
Project("{FAE04EC0-301F-11D3-BF4B-00C04F79EFBC}") = "Assembly-CSharp", "Assembly-CSharp.csproj", "{D0BED4D0-5930-8FBE-A81A-8226F4259727}"
EndProject
Global
	GlobalSection(SolutionConfigurationPlatforms) = preSolution
		Debug|Any CPU = Debug|Any CPU
		Release|Any CPU = Release|Any CPU
	EndGlobalSection
	GlobalSection(ProjectConfigurationPlatforms) = postSolution
		{D0BED4D0-5930-8FBE-A81A-8226F4259727}.Debug|Any CPU.ActiveCfg = Debug|Any CPU
		{D0BED4D0-5930-8FBE-A81A-8226F4259727}.Debug|Any CPU.Build.0 = Debug|Any CPU
		{D0BED4D0-5930-8FBE-A81A-8226F4259727}.Release|Any CPU.ActiveCfg = Release|Any CPU
		{D0BED4D0-5930-8FBE-A81A-8226F4259727}.Release|Any CPU.Build.0 = Release|Any CPU
	EndGlobalSection
	GlobalSection(SolutionProperties) = preSolution
		HideSolutionNode = FALSE
	EndGlobalSection
EndGlobal
